
Microsoft Visual Studio Solution File, Format Version 12.00
# Visual Studio 15
VisualStudioVersion = 15.0.28307.271
MinimumVisualStudioVersion = 10.0.40219.1
Project("{D2ABAB84-BF74-430A-B69E-9DC6D40DDA17}") = "ProyectoMonsterFinal", "ProyectoMonsterFinal\ProyectoMonsterFinal.dwproj", "{F97832EF-0D72-43EA-A365-7FBD2D195771}"
EndProject
Global
	GlobalSection(SolutionConfigurationPlatforms) = preSolution
		Development|Default = Development|Default
	EndGlobalSection
	GlobalSection(ProjectConfigurationPlatforms) = postSolution
		{F97832EF-0D72-43EA-A365-7FBD2D195771}.Development|Default.ActiveCfg = Development
		{F97832EF-0D72-43EA-A365-7FBD2D195771}.Development|Default.Build.0 = Development
		{F97832EF-0D72-43EA-A365-7FBD2D195771}.Development|Default.Deploy.0 = Development
	EndGlobalSection
	GlobalSection(SolutionProperties) = preSolution
		HideSolutionNode = FALSE
	EndGlobalSection
	GlobalSection(ExtensibilityGlobals) = postSolution
		SolutionGuid = {C6E5B638-1AF9-4759-AC61-559E0991D4FA}
	EndGlobalSection
EndGlobal
